// !$*UTF8*$!
{
	archiveVersion = 1;
	classes = {
	};
	objectVersion = 56;
	objects = {

/* Begin PBXBuildFile section */
		DC140B532C5331E300B47616 /* DentalSpanishApp.swift in Sources */ = {isa = PBXBuildFile; fileRef = DC140B522C5331E300B47616 /* DentalSpanishApp.swift */; };
		DC140B552C5331E300B47616 /* ContentView.swift in Sources */ = {isa = PBXBuildFile; fileRef = DC140B542C5331E300B47616 /* ContentView.swift */; };
		DC140B572C5331E500B47616 /* Assets.xcassets in Resources */ = {isa = PBXBuildFile; fileRef = DC140B562C5331E500B47616 /* Assets.xcassets */; };
		DC140B5A2C5331E500B47616 /* Preview Assets.xcassets in Resources */ = {isa = PBXBuildFile; fileRef = DC140B592C5331E500B47616 /* Preview Assets.xcassets */; };
		DC140B692C53338200B47616 /* Flashcard.swift in Sources */ = {isa = PBXBuildFile; fileRef = DC140B682C53338200B47616 /* Flashcard.swift */; };
		DC140B6B2C5333B900B47616 /* DeckType.swift in Sources */ = {isa = PBXBuildFile; fileRef = DC140B6A2C5333B900B47616 /* DeckType.swift */; };
		DC140B6D2C53340D00B47616 /* FlashcardViewModel.swift in Sources */ = {isa = PBXBuildFile; fileRef = DC140B6C2C53340D00B47616 /* FlashcardViewModel.swift */; };
		DC140B6F2C53369E00B47616 /* FlashcardListView.swift in Sources */ = {isa = PBXBuildFile; fileRef = DC140B6E2C53369E00B47616 /* FlashcardListView.swift */; };
		DC140B712C53382800B47616 /* AddCustomFlashcardView.swift in Sources */ = {isa = PBXBuildFile; fileRef = DC140B702C53382800B47616 /* AddCustomFlashcardView.swift */; };
		DC56432F2C53D82A001A01A8 /* FlashcardView.swift in Sources */ = {isa = PBXBuildFile; fileRef = DC56432E2C53D82A001A01A8 /* FlashcardView.swift */; };
		DC5643312C53D9AD001A01A8 /* FlashcardDetailView.swift in Sources */ = {isa = PBXBuildFile; fileRef = DC5643302C53D9AC001A01A8 /* FlashcardDetailView.swift */; };
		DC5643332C5423EA001A01A8 /* DraggableCardView.swift in Sources */ = {isa = PBXBuildFile; fileRef = DC5643322C5423EA001A01A8 /* DraggableCardView.swift */; };
/* End PBXBuildFile section */

/* Begin PBXFileReference section */
		DC140B4F2C5331E300B47616 /* DentalSpanish.app */ = {isa = PBXFileReference; explicitFileType = wrapper.application; includeInIndex = 0; path = DentalSpanish.app; sourceTree = BUILT_PRODUCTS_DIR; };
		DC140B522C5331E300B47616 /* DentalSpanishApp.swift */ = {isa = PBXFileReference; lastKnownFileType = sourcecode.swift; path = DentalSpanishApp.swift; sourceTree = "<group>"; };
		DC140B542C5331E300B47616 /* ContentView.swift */ = {isa = PBXFileReference; lastKnownFileType = sourcecode.swift; path = ContentView.swift; sourceTree = "<group>"; };
		DC140B562C5331E500B47616 /* Assets.xcassets */ = {isa = PBXFileReference; lastKnownFileType = folder.assetcatalog; path = Assets.xcassets; sourceTree = "<group>"; };
		DC140B592C5331E500B47616 /* Preview Assets.xcassets */ = {isa = PBXFileReference; lastKnownFileType = folder.assetcatalog; path = "Preview Assets.xcassets"; sourceTree = "<group>"; };
		DC140B682C53338200B47616 /* Flashcard.swift */ = {isa = PBXFileReference; lastKnownFileType = sourcecode.swift; path = Flashcard.swift; sourceTree = "<group>"; };
		DC140B6A2C5333B900B47616 /* DeckType.swift */ = {isa = PBXFileReference; lastKnownFileType = sourcecode.swift; path = DeckType.swift; sourceTree = "<group>"; };
		DC140B6C2C53340D00B47616 /* FlashcardViewModel.swift */ = {isa = PBXFileReference; lastKnownFileType = sourcecode.swift; path = FlashcardViewModel.swift; sourceTree = "<group>"; };
		DC140B6E2C53369E00B47616 /* FlashcardListView.swift */ = {isa = PBXFileReference; lastKnownFileType = sourcecode.swift; path = FlashcardListView.swift; sourceTree = "<group>"; };
		DC140B702C53382800B47616 /* AddCustomFlashcardView.swift */ = {isa = PBXFileReference; lastKnownFileType = sourcecode.swift; path = AddCustomFlashcardView.swift; sourceTree = "<group>"; };
		DC56432E2C53D82A001A01A8 /* FlashcardView.swift */ = {isa = PBXFileReference; lastKnownFileType = sourcecode.swift; path = FlashcardView.swift; sourceTree = "<group>"; };
		DC5643302C53D9AC001A01A8 /* FlashcardDetailView.swift */ = {isa = PBXFileReference; lastKnownFileType = sourcecode.swift; path = FlashcardDetailView.swift; sourceTree = "<group>"; };
		DC5643322C5423EA001A01A8 /* DraggableCardView.swift */ = {isa = PBXFileReference; lastKnownFileType = sourcecode.swift; path = DraggableCardView.swift; sourceTree = "<group>"; };
/* End PBXFileReference section */

/* Begin PBXFrameworksBuildPhase section */
		DC140B4C2C5331E300B47616 /* Frameworks */ = {
			isa = PBXFrameworksBuildPhase;
			buildActionMask = 2147483647;
			files = (
			);
			runOnlyForDeploymentPostprocessing = 0;
		};
/* End PBXFrameworksBuildPhase section */

/* Begin PBXGroup section */
		DC140B462C5331E300B47616 = {
			isa = PBXGroup;
			children = (
				DC140B512C5331E300B47616 /* DentalSpanish */,
				DC140B502C5331E300B47616 /* Products */,
			);
			sourceTree = "<group>";
		};
		DC140B502C5331E300B47616 /* Products */ = {
			isa = PBXGroup;
			children = (
				DC140B4F2C5331E300B47616 /* DentalSpanish.app */,
			);
			name = Products;
			sourceTree = "<group>";
		};
		DC140B512C5331E300B47616 /* DentalSpanish */ = {
			isa = PBXGroup;
			children = (
				DC140B672C53336000B47616 /* Views */,
				DC140B662C53335500B47616 /* ViewModels */,
				DC140B652C53334E00B47616 /* Models */,
				DC140B522C5331E300B47616 /* DentalSpanishApp.swift */,
				DC140B562C5331E500B47616 /* Assets.xcassets */,
				DC140B582C5331E500B47616 /* Preview Content */,
			);
			path = DentalSpanish;
			sourceTree = "<group>";
		};
		DC140B582C5331E500B47616 /* Preview Content */ = {
			isa = PBXGroup;
			children = (
				DC140B592C5331E500B47616 /* Preview Assets.xcassets */,
			);
			path = "Preview Content";
			sourceTree = "<group>";
		};
		DC140B652C53334E00B47616 /* Models */ = {
			isa = PBXGroup;
			children = (
				DC140B682C53338200B47616 /* Flashcard.swift */,
				DC140B6A2C5333B900B47616 /* DeckType.swift */,
			);
			path = Models;
			sourceTree = "<group>";
		};
		DC140B662C53335500B47616 /* ViewModels */ = {
			isa = PBXGroup;
			children = (
				DC140B6C2C53340D00B47616 /* FlashcardViewModel.swift */,
			);
			path = ViewModels;
			sourceTree = "<group>";
		};
		DC140B672C53336000B47616 /* Views */ = {
			isa = PBXGroup;
			children = (
				DC140B542C5331E300B47616 /* ContentView.swift */,
				DC140B6E2C53369E00B47616 /* FlashcardListView.swift */,
				DC140B702C53382800B47616 /* AddCustomFlashcardView.swift */,
				DC56432E2C53D82A001A01A8 /* FlashcardView.swift */,
				DC5643302C53D9AC001A01A8 /* FlashcardDetailView.swift */,
				DC5643322C5423EA001A01A8 /* DraggableCardView.swift */,
			);
			path = Views;
			sourceTree = "<group>";
		};
/* End PBXGroup section */

/* Begin PBXNativeTarget section */
		DC140B4E2C5331E300B47616 /* DentalSpanish */ = {
			isa = PBXNativeTarget;
			buildConfigurationList = DC140B5D2C5331E500B47616 /* Build configuration list for PBXNativeTarget "DentalSpanish" */;
			buildPhases = (
				DC140B4B2C5331E300B47616 /* Sources */,
				DC140B4C2C5331E300B47616 /* Frameworks */,
				DC140B4D2C5331E300B47616 /* Resources */,
			);
			buildRules = (
			);
			dependencies = (
			);
			name = DentalSpanish;
			productName = DentalSpanish;
			productReference = DC140B4F2C5331E300B47616 /* DentalSpanish.app */;
			productType = "com.apple.product-type.application";
		};
/* End PBXNativeTarget section */

/* Begin PBXProject section */
		DC140B472C5331E300B47616 /* Project object */ = {
			isa = PBXProject;
			attributes = {
				BuildIndependentTargetsInParallel = 1;
				LastSwiftUpdateCheck = 1540;
				LastUpgradeCheck = 1540;
				TargetAttributes = {
					DC140B4E2C5331E300B47616 = {
						CreatedOnToolsVersion = 15.4;
					};
				};
			};
			buildConfigurationList = DC140B4A2C5331E300B47616 /* Build configuration list for PBXProject "DentalSpanish" */;
			compatibilityVersion = "Xcode 14.0";
			developmentRegion = en;
			hasScannedForEncodings = 0;
			knownRegions = (
				en,
				Base,
			);
			mainGroup = DC140B462C5331E300B47616;
			productRefGroup = DC140B502C5331E300B47616 /* Products */;
			projectDirPath = "";
			projectRoot = "";
			targets = (
				DC140B4E2C5331E300B47616 /* DentalSpanish */,
			);
		};
/* End PBXProject section */

/* Begin PBXResourcesBuildPhase section */
		DC140B4D2C5331E300B47616 /* Resources */ = {
			isa = PBXResourcesBuildPhase;
			buildActionMask = 2147483647;
			files = (
				DC140B5A2C5331E500B47616 /* Preview Assets.xcassets in Resources */,
				DC140B572C5331E500B47616 /* Assets.xcassets in Resources */,
			);
			runOnlyForDeploymentPostprocessing = 0;
		};
/* End PBXResourcesBuildPhase section */

/* Begin PBXSourcesBuildPhase section */
		DC140B4B2C5331E300B47616 /* Sources */ = {
			isa = PBXSourcesBuildPhase;
			buildActionMask = 2147483647;
			files = (
				DC5643332C5423EA001A01A8 /* DraggableCardView.swift in Sources */,
				DC140B712C53382800B47616 /* AddCustomFlashcardView.swift in Sources */,
				DC140B6D2C53340D00B47616 /* FlashcardViewModel.swift in Sources */,
				DC5643312C53D9AD001A01A8 /* FlashcardDetailView.swift in Sources */,
				DC140B692C53338200B47616 /* Flashcard.swift in Sources */,
				DC56432F2C53D82A001A01A8 /* FlashcardView.swift in Sources */,
				DC140B552C5331E300B47616 /* ContentView.swift in Sources */,
				DC140B6B2C5333B900B47616 /* DeckType.swift in Sources */,
				DC140B532C5331E300B47616 /* DentalSpanishApp.swift in Sources */,
				DC140B6F2C53369E00B47616 /* FlashcardListView.swift in Sources */,
			);
			runOnlyForDeploymentPostprocessing = 0;
		};
/* End PBXSourcesBuildPhase section */

/* Begin XCBuildConfiguration section */
		DC140B5B2C5331E500B47616 /* Debug */ = {
			isa = XCBuildConfiguration;
			buildSettings = {
				ALWAYS_SEARCH_USER_PATHS = NO;
				ASSETCATALOG_COMPILER_GENERATE_SWIFT_ASSET_SYMBOL_EXTENSIONS = YES;
				CLANG_ANALYZER_NONNULL = YES;
				CLANG_ANALYZER_NUMBER_OBJECT_CONVERSION = YES_AGGRESSIVE;
				CLANG_CXX_LANGUAGE_STANDARD = "gnu++20";
				CLANG_ENABLE_MODULES = YES;
				CLANG_ENABLE_OBJC_ARC = YES;
				CLANG_ENABLE_OBJC_WEAK = YES;
				CLANG_WARN_BLOCK_CAPTURE_AUTORELEASING = YES;
				CLANG_WARN_BOOL_CONVERSION = YES;
				CLANG_WARN_COMMA = YES;
				CLANG_WARN_CONSTANT_CONVERSION = YES;
				CLANG_WARN_DEPRECATED_OBJC_IMPLEMENTATIONS = YES;
				CLANG_WARN_DIRECT_OBJC_ISA_USAGE = YES_ERROR;
				CLANG_WARN_DOCUMENTATION_COMMENTS = YES;
				CLANG_WARN_EMPTY_BODY = YES;
				CLANG_WARN_ENUM_CONVERSION = YES;
				CLANG_WARN_INFINITE_RECURSION = YES;
				CLANG_WARN_INT_CONVERSION = YES;
				CLANG_WARN_NON_LITERAL_NULL_CONVERSION = YES;
				CLANG_WARN_OBJC_IMPLICIT_RETAIN_SELF = YES;
				CLANG_WARN_OBJC_LITERAL_CONVERSION = YES;
				CLANG_WARN_OBJC_ROOT_CLASS = YES_ERROR;
				CLANG_WARN_QUOTED_INCLUDE_IN_FRAMEWORK_HEADER = YES;
				CLANG_WARN_RANGE_LOOP_ANALYSIS = YES;
				CLANG_WARN_STRICT_PROTOTYPES = YES;
				CLANG_WARN_SUSPICIOUS_MOVE = YES;
				CLANG_WARN_UNGUARDED_AVAILABILITY = YES_AGGRESSIVE;
				CLANG_WARN_UNREACHABLE_CODE = YES;
				CLANG_WARN__DUPLICATE_METHOD_MATCH = YES;
				COPY_PHASE_STRIP = NO;
				DEBUG_INFORMATION_FORMAT = dwarf;
				ENABLE_STRICT_OBJC_MSGSEND = YES;
				ENABLE_TESTABILITY = YES;
				ENABLE_USER_SCRIPT_SANDBOXING = YES;
				GCC_C_LANGUAGE_STANDARD = gnu17;
				GCC_DYNAMIC_NO_PIC = NO;
				GCC_NO_COMMON_BLOCKS = YES;
				GCC_OPTIMIZATION_LEVEL = 0;
				GCC_PREPROCESSOR_DEFINITIONS = (
					"DEBUG=1",
					"$(inherited)",
				);
				GCC_WARN_64_TO_32_BIT_CONVERSION = YES;
				GCC_WARN_ABOUT_RETURN_TYPE = YES_ERROR;
				GCC_WARN_UNDECLARED_SELECTOR = YES;
				GCC_WARN_UNINITIALIZED_AUTOS = YES_AGGRESSIVE;
				GCC_WARN_UNUSED_FUNCTION = YES;
				GCC_WARN_UNUSED_VARIABLE = YES;
				IPHONEOS_DEPLOYMENT_TARGET = 17.5;
				LOCALIZATION_PREFERS_STRING_CATALOGS = YES;
				MTL_ENABLE_DEBUG_INFO = INCLUDE_SOURCE;
				MTL_FAST_MATH = YES;
				ONLY_ACTIVE_ARCH = YES;
				SDKROOT = iphoneos;
				SWIFT_ACTIVE_COMPILATION_CONDITIONS = "DEBUG $(inherited)";
				SWIFT_OPTIMIZATION_LEVEL = "-Onone";
			};
			name = Debug;
		};
		DC140B5C2C5331E500B47616 /* Release */ = {
			isa = XCBuildConfiguration;
			buildSettings = {
				ALWAYS_SEARCH_USER_PATHS = NO;
				ASSETCATALOG_COMPILER_GENERATE_SWIFT_ASSET_SYMBOL_EXTENSIONS = YES;
				CLANG_ANALYZER_NONNULL = YES;
				CLANG_ANALYZER_NUMBER_OBJECT_CONVERSION = YES_AGGRESSIVE;
				CLANG_CXX_LANGUAGE_STANDARD = "gnu++20";
				CLANG_ENABLE_MODULES = YES;
				CLANG_ENABLE_OBJC_ARC = YES;
				CLANG_ENABLE_OBJC_WEAK = YES;
				CLANG_WARN_BLOCK_CAPTURE_AUTORELEASING = YES;
				CLANG_WARN_BOOL_CONVERSION = YES;
				CLANG_WARN_COMMA = YES;
				CLANG_WARN_CONSTANT_CONVERSION = YES;
				CLANG_WARN_DEPRECATED_OBJC_IMPLEMENTATIONS = YES;
				CLANG_WARN_DIRECT_OBJC_ISA_USAGE = YES_ERROR;
				CLANG_WARN_DOCUMENTATION_COMMENTS = YES;
				CLANG_WARN_EMPTY_BODY = YES;
				CLANG_WARN_ENUM_CONVERSION = YES;
				CLANG_WARN_INFINITE_RECURSION = YES;
				CLANG_WARN_INT_CONVERSION = YES;
				CLANG_WARN_NON_LITERAL_NULL_CONVERSION = YES;
				CLANG_WARN_OBJC_IMPLICIT_RETAIN_SELF = YES;
				CLANG_WARN_OBJC_LITERAL_CONVERSION = YES;
				CLANG_WARN_OBJC_ROOT_CLASS = YES_ERROR;
				CLANG_WARN_QUOTED_INCLUDE_IN_FRAMEWORK_HEADER = YES;
				CLANG_WARN_RANGE_LOOP_ANALYSIS = YES;
				CLANG_WARN_STRICT_PROTOTYPES = YES;
				CLANG_WARN_SUSPICIOUS_MOVE = YES;
				CLANG_WARN_UNGUARDED_AVAILABILITY = YES_AGGRESSIVE;
				CLANG_WARN_UNREACHABLE_CODE = YES;
				CLANG_WARN__DUPLICATE_METHOD_MATCH = YES;
				COPY_PHASE_STRIP = NO;
				DEBUG_INFORMATION_FORMAT = "dwarf-with-dsym";
				ENABLE_NS_ASSERTIONS = NO;
				ENABLE_STRICT_OBJC_MSGSEND = YES;
				ENABLE_USER_SCRIPT_SANDBOXING = YES;
				GCC_C_LANGUAGE_STANDARD = gnu17;
				GCC_NO_COMMON_BLOCKS = YES;
				GCC_WARN_64_TO_32_BIT_CONVERSION = YES;
				GCC_WARN_ABOUT_RETURN_TYPE = YES_ERROR;
				GCC_WARN_UNDECLARED_SELECTOR = YES;
				GCC_WARN_UNINITIALIZED_AUTOS = YES_AGGRESSIVE;
				GCC_WARN_UNUSED_FUNCTION = YES;
				GCC_WARN_UNUSED_VARIABLE = YES;
				IPHONEOS_DEPLOYMENT_TARGET = 17.5;
				LOCALIZATION_PREFERS_STRING_CATALOGS = YES;
				MTL_ENABLE_DEBUG_INFO = NO;
				MTL_FAST_MATH = YES;
				SDKROOT = iphoneos;
				SWIFT_COMPILATION_MODE = wholemodule;
				VALIDATE_PRODUCT = YES;
			};
			name = Release;
		};
		DC140B5E2C5331E500B47616 /* Debug */ = {
			isa = XCBuildConfiguration;
			buildSettings = {
				ASSETCATALOG_COMPILER_APPICON_NAME = AppIcon;
				ASSETCATALOG_COMPILER_GLOBAL_ACCENT_COLOR_NAME = AccentColor;
				CODE_SIGN_STYLE = Automatic;
				CURRENT_PROJECT_VERSION = 1;
				DEVELOPMENT_ASSET_PATHS = "\"DentalSpanish/Preview Content\"";
				DEVELOPMENT_TEAM = 63SKRQZ6FX;
				ENABLE_PREVIEWS = YES;
				GENERATE_INFOPLIST_FILE = YES;
				INFOPLIST_KEY_UIApplicationSceneManifest_Generation = YES;
				INFOPLIST_KEY_UIApplicationSupportsIndirectInputEvents = YES;
				INFOPLIST_KEY_UILaunchScreen_Generation = YES;
				INFOPLIST_KEY_UISupportedInterfaceOrientations_iPad = "UIInterfaceOrientationPortrait UIInterfaceOrientationPortraitUpsideDown UIInterfaceOrientationLandscapeLeft UIInterfaceOrientationLandscapeRight";
				INFOPLIST_KEY_UISupportedInterfaceOrientations_iPhone = "UIInterfaceOrientationPortrait UIInterfaceOrientationLandscapeLeft UIInterfaceOrientationLandscapeRight";
				LD_RUNPATH_SEARCH_PATHS = (
					"$(inherited)",
					"@executable_path/Frameworks",
				);
				MARKETING_VERSION = 1.0;
				PRODUCT_BUNDLE_IDENTIFIER = com.JuanArredondo.DentalSpanish;
				PRODUCT_NAME = "$(TARGET_NAME)";
				SWIFT_EMIT_LOC_STRINGS = YES;
				SWIFT_VERSION = 5.0;
				TARGETED_DEVICE_FAMILY = "1,2";
			};
			name = Debug;
		};
		DC140B5F2C5331E500B47616 /* Release */ = {
			isa = XCBuildConfiguration;
			buildSettings = {
				ASSETCATALOG_COMPILER_APPICON_NAME = AppIcon;
				ASSETCATALOG_COMPILER_GLOBAL_ACCENT_COLOR_NAME = AccentColor;
				CODE_SIGN_STYLE = Automatic;
				CURRENT_PROJECT_VERSION = 1;
				DEVELOPMENT_ASSET_PATHS = "\"DentalSpanish/Preview Content\"";
				DEVELOPMENT_TEAM = 63SKRQZ6FX;
				ENABLE_PREVIEWS = YES;
				GENERATE_INFOPLIST_FILE = YES;
				INFOPLIST_KEY_UIApplicationSceneManifest_Generation = YES;
				INFOPLIST_KEY_UIApplicationSupportsIndirectInputEvents = YES;
				INFOPLIST_KEY_UILaunchScreen_Generation = YES;
				INFOPLIST_KEY_UISupportedInterfaceOrientations_iPad = "UIInterfaceOrientationPortrait UIInterfaceOrientationPortraitUpsideDown UIInterfaceOrientationLandscapeLeft UIInterfaceOrientationLandscapeRight";
				INFOPLIST_KEY_UISupportedInterfaceOrientations_iPhone = "UIInterfaceOrientationPortrait UIInterfaceOrientationLandscapeLeft UIInterfaceOrientationLandscapeRight";
				LD_RUNPATH_SEARCH_PATHS = (
					"$(inherited)",
					"@executable_path/Frameworks",
				);
				MARKETING_VERSION = 1.0;
				PRODUCT_BUNDLE_IDENTIFIER = com.JuanArredondo.DentalSpanish;
				PRODUCT_NAME = "$(TARGET_NAME)";
				SWIFT_EMIT_LOC_STRINGS = YES;
				SWIFT_VERSION = 5.0;
				TARGETED_DEVICE_FAMILY = "1,2";
			};
			name = Release;
		};
/* End XCBuildConfiguration section */

/* Begin XCConfigurationList section */
		DC140B4A2C5331E300B47616 /* Build configuration list for PBXProject "DentalSpanish" */ = {
			isa = XCConfigurationList;
			buildConfigurations = (
				DC140B5B2C5331E500B47616 /* Debug */,
				DC140B5C2C5331E500B47616 /* Release */,
			);
			defaultConfigurationIsVisible = 0;
			defaultConfigurationName = Release;
		};
		DC140B5D2C5331E500B47616 /* Build configuration list for PBXNativeTarget "DentalSpanish" */ = {
			isa = XCConfigurationList;
			buildConfigurations = (
				DC140B5E2C5331E500B47616 /* Debug */,
				DC140B5F2C5331E500B47616 /* Release */,
			);
			defaultConfigurationIsVisible = 0;
			defaultConfigurationName = Release;
		};
/* End XCConfigurationList section */
	};
	rootObject = DC140B472C5331E300B47616 /* Project object */;
}
